
Microsoft Visual Studio Solution File, Format Version 12.00
# Visual Studio Version 17
VisualStudioVersion = 17.2.32630.192
MinimumVisualStudioVersion = 10.0.40219.1
Project("{FAE04EC0-301F-11D3-BF4B-00C04F79EFBC}") = "OpenDental", "OpenDental\OpenDental.csproj", "{B5EF1B43-93F2-4B9D-87DB-F48027B639E8}"
EndProject
Project("{FAE04EC0-301F-11D3-BF4B-00C04F79EFBC}") = "IDSDatabaseAPI", "..\IDSDatabaseAPI\IDSDatabaseAPI.csproj", "{8866F581-7919-4F0E-9DA5-77B588220BCA}"
EndProject
Project("{FAE04EC0-301F-11D3-BF4B-00C04F79EFBC}") = "IDSUIAPI", "..\IDSUIAPI\IDSUIAPI.csproj", "{8AE630E5-0646-41A0-BE34-B2AAA91F4A6E}"
EndProject
Global
	GlobalSection(SolutionConfigurationPlatforms) = preSolution
		Debug|Any CPU = Debug|Any CPU
		Debug|x86 = Debug|x86
		Release|Any CPU = Release|Any CPU
		Release|x86 = Release|x86
	EndGlobalSection
	GlobalSection(ProjectConfigurationPlatforms) = postSolution
		{B5EF1B43-93F2-4B9D-87DB-F48027B639E8}.Debug|Any CPU.ActiveCfg = Debug|Any CPU
		{B5EF1B43-93F2-4B9D-87DB-F48027B639E8}.Debug|Any CPU.Build.0 = Debug|Any CPU
		{B5EF1B43-93F2-4B9D-87DB-F48027B639E8}.Debug|x86.ActiveCfg = Debug|Any CPU
		{B5EF1B43-93F2-4B9D-87DB-F48027B639E8}.Debug|x86.Build.0 = Debug|Any CPU
		{B5EF1B43-93F2-4B9D-87DB-F48027B639E8}.Release|Any CPU.ActiveCfg = Release|Any CPU
		{B5EF1B43-93F2-4B9D-87DB-F48027B639E8}.Release|Any CPU.Build.0 = Release|Any CPU
		{B5EF1B43-93F2-4B9D-87DB-F48027B639E8}.Release|x86.ActiveCfg = Release|Any CPU
		{B5EF1B43-93F2-4B9D-87DB-F48027B639E8}.Release|x86.Build.0 = Release|Any CPU
		{8866F581-7919-4F0E-9DA5-77B588220BCA}.Debug|Any CPU.ActiveCfg = Debug|Any CPU
		{8866F581-7919-4F0E-9DA5-77B588220BCA}.Debug|Any CPU.Build.0 = Debug|Any CPU
		{8866F581-7919-4F0E-9DA5-77B588220BCA}.Debug|x86.ActiveCfg = Debug|Any CPU
		{8866F581-7919-4F0E-9DA5-77B588220BCA}.Debug|x86.Build.0 = Debug|Any CPU
		{8866F581-7919-4F0E-9DA5-77B588220BCA}.Release|Any CPU.ActiveCfg = Release|Any CPU
		{8866F581-7919-4F0E-9DA5-77B588220BCA}.Release|Any CPU.Build.0 = Release|Any CPU
		{8866F581-7919-4F0E-9DA5-77B588220BCA}.Release|x86.ActiveCfg = Release|Any CPU
		{8866F581-7919-4F0E-9DA5-77B588220BCA}.Release|x86.Build.0 = Release|Any CPU
		{8AE630E5-0646-41A0-BE34-B2AAA91F4A6E}.Debug|Any CPU.ActiveCfg = Debug|Any CPU
		{8AE630E5-0646-41A0-BE34-B2AAA91F4A6E}.Debug|Any CPU.Build.0 = Debug|Any CPU
		{8AE630E5-0646-41A0-BE34-B2AAA91F4A6E}.Debug|x86.ActiveCfg = Debug|x86
		{8AE630E5-0646-41A0-BE34-B2AAA91F4A6E}.Debug|x86.Build.0 = Debug|x86
		{8AE630E5-0646-41A0-BE34-B2AAA91F4A6E}.Release|Any CPU.ActiveCfg = Release|Any CPU
		{8AE630E5-0646-41A0-BE34-B2AAA91F4A6E}.Release|Any CPU.Build.0 = Release|Any CPU
		{8AE630E5-0646-41A0-BE34-B2AAA91F4A6E}.Release|x86.ActiveCfg = Release|x86
		{8AE630E5-0646-41A0-BE34-B2AAA91F4A6E}.Release|x86.Build.0 = Release|x86
	EndGlobalSection
	GlobalSection(SolutionProperties) = preSolution
		HideSolutionNode = FALSE
	EndGlobalSection
	GlobalSection(ExtensibilityGlobals) = postSolution
		SolutionGuid = {E5E04F9D-ABE9-48D0-AFB9-C4D721ABA32F}
	EndGlobalSection
EndGlobal
